
Microsoft Visual Studio Solution File, Format Version 12.00
# Visual Studio 15
VisualStudioVersion = 15.0.28307.705
MinimumVisualStudioVersion = 10.0.40219.1
Project("{FAE04EC0-301F-11D3-BF4B-00C04F79EFBC}") = "WebApplication7", "WebApplication7\WebApplication7.csproj", "{1BA90205-64F9-4B41-ABA9-6F784689CDD7}"
EndProject
Project("{FAE04EC0-301F-11D3-BF4B-00C04F79EFBC}") = "WebApplication7.Tests", "WebApplication7.Tests\WebApplication7.Tests.csproj", "{D901A873-11C0-4F81-8918-09B6EAA2891B}"
EndProject
Global
	GlobalSection(SolutionConfigurationPlatforms) = preSolution
		Debug|Any CPU = Debug|Any CPU
		Release|Any CPU = Release|Any CPU
	EndGlobalSection
	GlobalSection(ProjectConfigurationPlatforms) = postSolution
		{1BA90205-64F9-4B41-ABA9-6F784689CDD7}.Debug|Any CPU.ActiveCfg = Debug|Any CPU
		{1BA90205-64F9-4B41-ABA9-6F784689CDD7}.Debug|Any CPU.Build.0 = Debug|Any CPU
		{1BA90205-64F9-4B41-ABA9-6F784689CDD7}.Release|Any CPU.ActiveCfg = Release|Any CPU
		{1BA90205-64F9-4B41-ABA9-6F784689CDD7}.Release|Any CPU.Build.0 = Release|Any CPU
		{D901A873-11C0-4F81-8918-09B6EAA2891B}.Debug|Any CPU.ActiveCfg = Debug|Any CPU
		{D901A873-11C0-4F81-8918-09B6EAA2891B}.Debug|Any CPU.Build.0 = Debug|Any CPU
		{D901A873-11C0-4F81-8918-09B6EAA2891B}.Release|Any CPU.ActiveCfg = Release|Any CPU
		{D901A873-11C0-4F81-8918-09B6EAA2891B}.Release|Any CPU.Build.0 = Release|Any CPU
	EndGlobalSection
	GlobalSection(SolutionProperties) = preSolution
		HideSolutionNode = FALSE
	EndGlobalSection
	GlobalSection(ExtensibilityGlobals) = postSolution
		SolutionGuid = {56D65C8A-2082-420E-8957-DB30C4BB5697}
	EndGlobalSection
EndGlobal
